
Microsoft Visual Studio Solution File, Format Version 12.00
# Visual Studio Version 17
VisualStudioVersion = 17.8.34309.116
MinimumVisualStudioVersion = 10.0.40219.1
Project("{FAE04EC0-301F-11D3-BF4B-00C04F79EFBC}") = "StormLauncher", "StormLauncher\StormLauncher.csproj", "{0D7E3ABF-5C53-4E1A-B237-7D653F5F3619}"
EndProject
Global
	GlobalSection(SolutionConfigurationPlatforms) = preSolution
		Debug|Any CPU = Debug|Any CPU
		Release|Any CPU = Release|Any CPU
	EndGlobalSection
	GlobalSection(ProjectConfigurationPlatforms) = postSolution
		{0D7E3ABF-5C53-4E1A-B237-7D653F5F3619}.Debug|Any CPU.ActiveCfg = Debug|Any CPU
		{0D7E3ABF-5C53-4E1A-B237-7D653F5F3619}.Debug|Any CPU.Build.0 = Debug|Any CPU
		{0D7E3ABF-5C53-4E1A-B237-7D653F5F3619}.Release|Any CPU.ActiveCfg = Release|Any CPU
		{0D7E3ABF-5C53-4E1A-B237-7D653F5F3619}.Release|Any CPU.Build.0 = Release|Any CPU
	EndGlobalSection
	GlobalSection(SolutionProperties) = preSolution
		HideSolutionNode = FALSE
	EndGlobalSection
	GlobalSection(ExtensibilityGlobals) = postSolution
		SolutionGuid = {E5D871A3-89B5-44E9-88EA-20CBF50719A1}
	EndGlobalSection
EndGlobal
